
Microsoft Visual Studio Solution File, Format Version 12.00
# Visual Studio Version 17
VisualStudioVersion = 17.7.34003.232
MinimumVisualStudioVersion = 10.0.40219.1
Project("{888888A0-9F3D-457C-B088-3A5042F75D52}") = "Spam Click", "Spam Click\Spam Click.pyproj", "{2CBD3887-947C-4D62-A266-B98655A0C1CC}"
EndProject
Global
	GlobalSection(SolutionConfigurationPlatforms) = preSolution
		Debug|Any CPU = Debug|Any CPU
		Release|Any CPU = Release|Any CPU
	EndGlobalSection
	GlobalSection(ProjectConfigurationPlatforms) = postSolution
		{2CBD3887-947C-4D62-A266-B98655A0C1CC}.Debug|Any CPU.ActiveCfg = Debug|Any CPU
		{2CBD3887-947C-4D62-A266-B98655A0C1CC}.Release|Any CPU.ActiveCfg = Release|Any CPU
	EndGlobalSection
	GlobalSection(SolutionProperties) = preSolution
		HideSolutionNode = FALSE
	EndGlobalSection
	GlobalSection(ExtensibilityGlobals) = postSolution
		SolutionGuid = {45F72DFB-3E10-499F-9B8D-31C96AC675B0}
	EndGlobalSection
EndGlobal
